// !$*UTF8*$!
{
	archiveVersion = 1;
	classes = {
	};
	objectVersion = 56;
	objects = {

/* Begin PBXBuildFile section */
		D7E2EE6E2BF3A1E000F52350 /* MySafApp.swift in Sources */ = {isa = PBXBuildFile; fileRef = D7E2EE6D2BF3A1E000F52350 /* MySafApp.swift */; };
		D7E2EE702BF3A1E000F52350 /* ContentView.swift in Sources */ = {isa = PBXBuildFile; fileRef = D7E2EE6F2BF3A1E000F52350 /* ContentView.swift */; };
		D7E2EE722BF3A1E200F52350 /* Assets.xcassets in Resources */ = {isa = PBXBuildFile; fileRef = D7E2EE712BF3A1E200F52350 /* Assets.xcassets */; };
		D7E2EE752BF3A1E200F52350 /* Preview Assets.xcassets in Resources */ = {isa = PBXBuildFile; fileRef = D7E2EE742BF3A1E200F52350 /* Preview Assets.xcassets */; };
		D7E2EE812BF3A7D500F52350 /* FirebaseAuth in Frameworks */ = {isa = PBXBuildFile; productRef = D7E2EE802BF3A7D500F52350 /* FirebaseAuth */; };
		D7E2EE832BF3A7D500F52350 /* FirebaseAuthCombine-Community in Frameworks */ = {isa = PBXBuildFile; productRef = D7E2EE822BF3A7D500F52350 /* FirebaseAuthCombine-Community */; };
		D7E3117B2BF5366200A35A94 /* CustomTabBar.swift in Sources */ = {isa = PBXBuildFile; fileRef = D7E3117A2BF5366200A35A94 /* CustomTabBar.swift */; };
		D7E3117D2BF5721400A35A94 /* MainTab.swift in Sources */ = {isa = PBXBuildFile; fileRef = D7E3117C2BF5721300A35A94 /* MainTab.swift */; };
		D7E311832BF5EF1400A35A94 /* HomeView.swift in Sources */ = {isa = PBXBuildFile; fileRef = D7E311822BF5EF1400A35A94 /* HomeView.swift */; };
		D7E311852BF5F1AC00A35A94 /* TopView.swift in Sources */ = {isa = PBXBuildFile; fileRef = D7E311842BF5F1AC00A35A94 /* TopView.swift */; };
		D7E3118A2BF613EF00A35A94 /* StoryView.swift in Sources */ = {isa = PBXBuildFile; fileRef = D7E311892BF613EF00A35A94 /* StoryView.swift */; };
		D7E3118C2BF6288600A35A94 /* GridRow.swift in Sources */ = {isa = PBXBuildFile; fileRef = D7E3118B2BF6288600A35A94 /* GridRow.swift */; };
		D7E3118E2BF62AAD00A35A94 /* ImageCarousel.swift in Sources */ = {isa = PBXBuildFile; fileRef = D7E3118D2BF62AAD00A35A94 /* ImageCarousel.swift */; };
		D7E311902BF6469600A35A94 /* HotDealsComponent.swift in Sources */ = {isa = PBXBuildFile; fileRef = D7E3118F2BF6469600A35A94 /* HotDealsComponent.swift */; };
/* End PBXBuildFile section */

/* Begin PBXFileReference section */
		D7E2EE6A2BF3A1E000F52350 /* MySaf.app */ = {isa = PBXFileReference; explicitFileType = wrapper.application; includeInIndex = 0; name = MySaf.app; path = "/Users/hussein/Desktop/IoSApps/MySaf/build/Debug-iphoneos/MySaf.app"; sourceTree = "<absolute>"; };
		D7E2EE6D2BF3A1E000F52350 /* MySafApp.swift */ = {isa = PBXFileReference; lastKnownFileType = sourcecode.swift; path = MySafApp.swift; sourceTree = "<group>"; };
		D7E2EE6F2BF3A1E000F52350 /* ContentView.swift */ = {isa = PBXFileReference; lastKnownFileType = sourcecode.swift; path = ContentView.swift; sourceTree = "<group>"; };
		D7E2EE712BF3A1E200F52350 /* Assets.xcassets */ = {isa = PBXFileReference; lastKnownFileType = folder.assetcatalog; path = Assets.xcassets; sourceTree = "<group>"; };
		D7E2EE742BF3A1E200F52350 /* Preview Assets.xcassets */ = {isa = PBXFileReference; lastKnownFileType = folder.assetcatalog; path = "Preview Assets.xcassets"; sourceTree = "<group>"; };
		D7E3117A2BF5366200A35A94 /* CustomTabBar.swift */ = {isa = PBXFileReference; lastKnownFileType = sourcecode.swift; path = CustomTabBar.swift; sourceTree = "<group>"; };
		D7E3117C2BF5721300A35A94 /* MainTab.swift */ = {isa = PBXFileReference; lastKnownFileType = sourcecode.swift; path = MainTab.swift; sourceTree = "<group>"; };
		D7E311822BF5EF1400A35A94 /* HomeView.swift */ = {isa = PBXFileReference; lastKnownFileType = sourcecode.swift; path = HomeView.swift; sourceTree = "<group>"; };
		D7E311842BF5F1AC00A35A94 /* TopView.swift */ = {isa = PBXFileReference; lastKnownFileType = sourcecode.swift; path = TopView.swift; sourceTree = "<group>"; };
		D7E311892BF613EF00A35A94 /* StoryView.swift */ = {isa = PBXFileReference; lastKnownFileType = sourcecode.swift; path = StoryView.swift; sourceTree = "<group>"; };
		D7E3118B2BF6288600A35A94 /* GridRow.swift */ = {isa = PBXFileReference; lastKnownFileType = sourcecode.swift; path = GridRow.swift; sourceTree = "<group>"; };
		D7E3118D2BF62AAD00A35A94 /* ImageCarousel.swift */ = {isa = PBXFileReference; lastKnownFileType = sourcecode.swift; path = ImageCarousel.swift; sourceTree = "<group>"; };
		D7E3118F2BF6469600A35A94 /* HotDealsComponent.swift */ = {isa = PBXFileReference; lastKnownFileType = sourcecode.swift; path = HotDealsComponent.swift; sourceTree = "<group>"; };
/* End PBXFileReference section */

/* Begin PBXFrameworksBuildPhase section */
		D7E2EE672BF3A1E000F52350 /* Frameworks */ = {
			isa = PBXFrameworksBuildPhase;
			buildActionMask = 2147483647;
			files = (
				D7E2EE832BF3A7D500F52350 /* FirebaseAuthCombine-Community in Frameworks */,
				D7E2EE812BF3A7D500F52350 /* FirebaseAuth in Frameworks */,
			);
			runOnlyForDeploymentPostprocessing = 0;
		};
/* End PBXFrameworksBuildPhase section */

/* Begin PBXGroup section */
		D7E2EE612BF3A1E000F52350 = {
			isa = PBXGroup;
			children = (
				D7E2EE6C2BF3A1E000F52350 /* MySaf */,
				D7E2EE7F2BF3A7D500F52350 /* Frameworks */,
			);
			sourceTree = "<group>";
		};
		D7E2EE6C2BF3A1E000F52350 /* MySaf */ = {
			isa = PBXGroup;
			children = (
				D7E311752BF5360100A35A94 /* App */,
				D7E311792BF5361B00A35A94 /* Auth */,
				D7E311762BF5360600A35A94 /* Core */,
				D7E311772BF5360B00A35A94 /* Components */,
				D7E311782BF5361300A35A94 /* Service */,
				D7E2EE6F2BF3A1E000F52350 /* ContentView.swift */,
				D7E2EE712BF3A1E200F52350 /* Assets.xcassets */,
				D7E2EE732BF3A1E200F52350 /* Preview Content */,
			);
			path = MySaf;
			sourceTree = "<group>";
		};
		D7E2EE732BF3A1E200F52350 /* Preview Content */ = {
			isa = PBXGroup;
			children = (
				D7E2EE742BF3A1E200F52350 /* Preview Assets.xcassets */,
			);
			path = "Preview Content";
			sourceTree = "<group>";
		};
		D7E2EE7F2BF3A7D500F52350 /* Frameworks */ = {
			isa = PBXGroup;
			children = (
			);
			name = Frameworks;
			sourceTree = "<group>";
		};
		D7E311752BF5360100A35A94 /* App */ = {
			isa = PBXGroup;
			children = (
				D7E2EE6D2BF3A1E000F52350 /* MySafApp.swift */,
			);
			path = App;
			sourceTree = "<group>";
		};
		D7E311762BF5360600A35A94 /* Core */ = {
			isa = PBXGroup;
			children = (
				D7E3117E2BF5EEE600A35A94 /* HomeView */,
			);
			path = Core;
			sourceTree = "<group>";
		};
		D7E311772BF5360B00A35A94 /* Components */ = {
			isa = PBXGroup;
			children = (
				D7E3117A2BF5366200A35A94 /* CustomTabBar.swift */,
				D7E3117C2BF5721300A35A94 /* MainTab.swift */,
				D7E311892BF613EF00A35A94 /* StoryView.swift */,
				D7E3118B2BF6288600A35A94 /* GridRow.swift */,
				D7E3118D2BF62AAD00A35A94 /* ImageCarousel.swift */,
			);
			path = Components;
			sourceTree = "<group>";
		};
		D7E311782BF5361300A35A94 /* Service */ = {
			isa = PBXGroup;
			children = (
			);
			path = Service;
			sourceTree = "<group>";
		};
		D7E311792BF5361B00A35A94 /* Auth */ = {
			isa = PBXGroup;
			children = (
			);
			path = Auth;
			sourceTree = "<group>";
		};
		D7E3117E2BF5EEE600A35A94 /* HomeView */ = {
			isa = PBXGroup;
			children = (
				D7E311812BF5EF0100A35A94 /* ViewModel */,
				D7E311802BF5EEFA00A35A94 /* View */,
				D7E3117F2BF5EEF100A35A94 /* Components */,
			);
			path = HomeView;
			sourceTree = "<group>";
		};
		D7E3117F2BF5EEF100A35A94 /* Components */ = {
			isa = PBXGroup;
			children = (
				D7E311842BF5F1AC00A35A94 /* TopView.swift */,
				D7E3118F2BF6469600A35A94 /* HotDealsComponent.swift */,
			);
			path = Components;
			sourceTree = "<group>";
		};
		D7E311802BF5EEFA00A35A94 /* View */ = {
			isa = PBXGroup;
			children = (
				D7E311822BF5EF1400A35A94 /* HomeView.swift */,
			);
			path = View;
			sourceTree = "<group>";
		};
		D7E311812BF5EF0100A35A94 /* ViewModel */ = {
			isa = PBXGroup;
			children = (
			);
			path = ViewModel;
			sourceTree = "<group>";
		};
/* End PBXGroup section */

/* Begin PBXNativeTarget section */
		D7E2EE692BF3A1E000F52350 /* MySaf */ = {
			isa = PBXNativeTarget;
			buildConfigurationList = D7E2EE782BF3A1E200F52350 /* Build configuration list for PBXNativeTarget "MySaf" */;
			buildPhases = (
				D7E2EE662BF3A1E000F52350 /* Sources */,
				D7E2EE672BF3A1E000F52350 /* Frameworks */,
				D7E2EE682BF3A1E000F52350 /* Resources */,
			);
			buildRules = (
			);
			dependencies = (
			);
			name = MySaf;
			packageProductDependencies = (
				D7E2EE802BF3A7D500F52350 /* FirebaseAuth */,
				D7E2EE822BF3A7D500F52350 /* FirebaseAuthCombine-Community */,
			);
			productName = MySaf;
			productReference = D7E2EE6A2BF3A1E000F52350 /* MySaf.app */;
			productType = "com.apple.product-type.application";
		};
/* End PBXNativeTarget section */

/* Begin PBXProject section */
		D7E2EE622BF3A1E000F52350 /* Project object */ = {
			isa = PBXProject;
			attributes = {
				BuildIndependentTargetsInParallel = 1;
				LastSwiftUpdateCheck = 1530;
				LastUpgradeCheck = 1530;
				TargetAttributes = {
					D7E2EE692BF3A1E000F52350 = {
						CreatedOnToolsVersion = 15.3;
					};
				};
			};
			buildConfigurationList = D7E2EE652BF3A1E000F52350 /* Build configuration list for PBXProject "MySaf" */;
			compatibilityVersion = "Xcode 14.0";
			developmentRegion = en;
			hasScannedForEncodings = 0;
			knownRegions = (
				en,
				Base,
			);
			mainGroup = D7E2EE612BF3A1E000F52350;
			packageReferences = (
				D7E2EE7E2BF3A58400F52350 /* XCRemoteSwiftPackageReference "firebase-ios-sdk" */,
			);
			productRefGroup = D7E2EE612BF3A1E000F52350;
			projectDirPath = "";
			projectRoot = "";
			targets = (
				D7E2EE692BF3A1E000F52350 /* MySaf */,
			);
		};
/* End PBXProject section */

/* Begin PBXResourcesBuildPhase section */
		D7E2EE682BF3A1E000F52350 /* Resources */ = {
			isa = PBXResourcesBuildPhase;
			buildActionMask = 2147483647;
			files = (
				D7E2EE752BF3A1E200F52350 /* Preview Assets.xcassets in Resources */,
				D7E2EE722BF3A1E200F52350 /* Assets.xcassets in Resources */,
			);
			runOnlyForDeploymentPostprocessing = 0;
		};
/* End PBXResourcesBuildPhase section */

/* Begin PBXSourcesBuildPhase section */
		D7E2EE662BF3A1E000F52350 /* Sources */ = {
			isa = PBXSourcesBuildPhase;
			buildActionMask = 2147483647;
			files = (
				D7E3117D2BF5721400A35A94 /* MainTab.swift in Sources */,
				D7E2EE702BF3A1E000F52350 /* ContentView.swift in Sources */,
				D7E3117B2BF5366200A35A94 /* CustomTabBar.swift in Sources */,
				D7E311832BF5EF1400A35A94 /* HomeView.swift in Sources */,
				D7E311852BF5F1AC00A35A94 /* TopView.swift in Sources */,
				D7E311902BF6469600A35A94 /* HotDealsComponent.swift in Sources */,
				D7E3118A2BF613EF00A35A94 /* StoryView.swift in Sources */,
				D7E3118C2BF6288600A35A94 /* GridRow.swift in Sources */,
				D7E3118E2BF62AAD00A35A94 /* ImageCarousel.swift in Sources */,
				D7E2EE6E2BF3A1E000F52350 /* MySafApp.swift in Sources */,
			);
			runOnlyForDeploymentPostprocessing = 0;
		};
/* End PBXSourcesBuildPhase section */

/* Begin XCBuildConfiguration section */
		D7E2EE762BF3A1E200F52350 /* Debug */ = {
			isa = XCBuildConfiguration;
			buildSettings = {
				ALWAYS_SEARCH_USER_PATHS = NO;
				ASSETCATALOG_COMPILER_GENERATE_SWIFT_ASSET_SYMBOL_EXTENSIONS = YES;
				CLANG_ANALYZER_NONNULL = YES;
				CLANG_ANALYZER_NUMBER_OBJECT_CONVERSION = YES_AGGRESSIVE;
				CLANG_CXX_LANGUAGE_STANDARD = "gnu++20";
				CLANG_ENABLE_MODULES = YES;
				CLANG_ENABLE_OBJC_ARC = YES;
				CLANG_ENABLE_OBJC_WEAK = YES;
				CLANG_WARN_BLOCK_CAPTURE_AUTORELEASING = YES;
				CLANG_WARN_BOOL_CONVERSION = YES;
				CLANG_WARN_COMMA = YES;
				CLANG_WARN_CONSTANT_CONVERSION = YES;
				CLANG_WARN_DEPRECATED_OBJC_IMPLEMENTATIONS = YES;
				CLANG_WARN_DIRECT_OBJC_ISA_USAGE = YES_ERROR;
				CLANG_WARN_DOCUMENTATION_COMMENTS = YES;
				CLANG_WARN_EMPTY_BODY = YES;
				CLANG_WARN_ENUM_CONVERSION = YES;
				CLANG_WARN_INFINITE_RECURSION = YES;
				CLANG_WARN_INT_CONVERSION = YES;
				CLANG_WARN_NON_LITERAL_NULL_CONVERSION = YES;
				CLANG_WARN_OBJC_IMPLICIT_RETAIN_SELF = YES;
				CLANG_WARN_OBJC_LITERAL_CONVERSION = YES;
				CLANG_WARN_OBJC_ROOT_CLASS = YES_ERROR;
				CLANG_WARN_QUOTED_INCLUDE_IN_FRAMEWORK_HEADER = YES;
				CLANG_WARN_RANGE_LOOP_ANALYSIS = YES;
				CLANG_WARN_STRICT_PROTOTYPES = YES;
				CLANG_WARN_SUSPICIOUS_MOVE = YES;
				CLANG_WARN_UNGUARDED_AVAILABILITY = YES_AGGRESSIVE;
				CLANG_WARN_UNREACHABLE_CODE = YES;
				CLANG_WARN__DUPLICATE_METHOD_MATCH = YES;
				COPY_PHASE_STRIP = NO;
				DEBUG_INFORMATION_FORMAT = dwarf;
				ENABLE_STRICT_OBJC_MSGSEND = YES;
				ENABLE_TESTABILITY = YES;
				ENABLE_USER_SCRIPT_SANDBOXING = YES;
				GCC_C_LANGUAGE_STANDARD = gnu17;
				GCC_DYNAMIC_NO_PIC = NO;
				GCC_NO_COMMON_BLOCKS = YES;
				GCC_OPTIMIZATION_LEVEL = 0;
				GCC_PREPROCESSOR_DEFINITIONS = (
					"DEBUG=1",
					"$(inherited)",
				);
				GCC_WARN_64_TO_32_BIT_CONVERSION = YES;
				GCC_WARN_ABOUT_RETURN_TYPE = YES_ERROR;
				GCC_WARN_UNDECLARED_SELECTOR = YES;
				GCC_WARN_UNINITIALIZED_AUTOS = YES_AGGRESSIVE;
				GCC_WARN_UNUSED_FUNCTION = YES;
				GCC_WARN_UNUSED_VARIABLE = YES;
				IPHONEOS_DEPLOYMENT_TARGET = 17.4;
				LOCALIZATION_PREFERS_STRING_CATALOGS = YES;
				MTL_ENABLE_DEBUG_INFO = INCLUDE_SOURCE;
				MTL_FAST_MATH = YES;
				ONLY_ACTIVE_ARCH = YES;
				SDKROOT = iphoneos;
				SWIFT_ACTIVE_COMPILATION_CONDITIONS = "DEBUG $(inherited)";
				SWIFT_OPTIMIZATION_LEVEL = "-Onone";
			};
			name = Debug;
		};
		D7E2EE772BF3A1E200F52350 /* Release */ = {
			isa = XCBuildConfiguration;
			buildSettings = {
				ALWAYS_SEARCH_USER_PATHS = NO;
				ASSETCATALOG_COMPILER_GENERATE_SWIFT_ASSET_SYMBOL_EXTENSIONS = YES;
				CLANG_ANALYZER_NONNULL = YES;
				CLANG_ANALYZER_NUMBER_OBJECT_CONVERSION = YES_AGGRESSIVE;
				CLANG_CXX_LANGUAGE_STANDARD = "gnu++20";
				CLANG_ENABLE_MODULES = YES;
				CLANG_ENABLE_OBJC_ARC = YES;
				CLANG_ENABLE_OBJC_WEAK = YES;
				CLANG_WARN_BLOCK_CAPTURE_AUTORELEASING = YES;
				CLANG_WARN_BOOL_CONVERSION = YES;
				CLANG_WARN_COMMA = YES;
				CLANG_WARN_CONSTANT_CONVERSION = YES;
				CLANG_WARN_DEPRECATED_OBJC_IMPLEMENTATIONS = YES;
				CLANG_WARN_DIRECT_OBJC_ISA_USAGE = YES_ERROR;
				CLANG_WARN_DOCUMENTATION_COMMENTS = YES;
				CLANG_WARN_EMPTY_BODY = YES;
				CLANG_WARN_ENUM_CONVERSION = YES;
				CLANG_WARN_INFINITE_RECURSION = YES;
				CLANG_WARN_INT_CONVERSION = YES;
				CLANG_WARN_NON_LITERAL_NULL_CONVERSION = YES;
				CLANG_WARN_OBJC_IMPLICIT_RETAIN_SELF = YES;
				CLANG_WARN_OBJC_LITERAL_CONVERSION = YES;
				CLANG_WARN_OBJC_ROOT_CLASS = YES_ERROR;
				CLANG_WARN_QUOTED_INCLUDE_IN_FRAMEWORK_HEADER = YES;
				CLANG_WARN_RANGE_LOOP_ANALYSIS = YES;
				CLANG_WARN_STRICT_PROTOTYPES = YES;
				CLANG_WARN_SUSPICIOUS_MOVE = YES;
				CLANG_WARN_UNGUARDED_AVAILABILITY = YES_AGGRESSIVE;
				CLANG_WARN_UNREACHABLE_CODE = YES;
				CLANG_WARN__DUPLICATE_METHOD_MATCH = YES;
				COPY_PHASE_STRIP = NO;
				DEBUG_INFORMATION_FORMAT = "dwarf-with-dsym";
				ENABLE_NS_ASSERTIONS = NO;
				ENABLE_STRICT_OBJC_MSGSEND = YES;
				ENABLE_USER_SCRIPT_SANDBOXING = YES;
				GCC_C_LANGUAGE_STANDARD = gnu17;
				GCC_NO_COMMON_BLOCKS = YES;
				GCC_WARN_64_TO_32_BIT_CONVERSION = YES;
				GCC_WARN_ABOUT_RETURN_TYPE = YES_ERROR;
				GCC_WARN_UNDECLARED_SELECTOR = YES;
				GCC_WARN_UNINITIALIZED_AUTOS = YES_AGGRESSIVE;
				GCC_WARN_UNUSED_FUNCTION = YES;
				GCC_WARN_UNUSED_VARIABLE = YES;
				IPHONEOS_DEPLOYMENT_TARGET = 17.4;
				LOCALIZATION_PREFERS_STRING_CATALOGS = YES;
				MTL_ENABLE_DEBUG_INFO = NO;
				MTL_FAST_MATH = YES;
				SDKROOT = iphoneos;
				SWIFT_COMPILATION_MODE = wholemodule;
				VALIDATE_PRODUCT = YES;
			};
			name = Release;
		};
		D7E2EE792BF3A1E200F52350 /* Debug */ = {
			isa = XCBuildConfiguration;
			buildSettings = {
				ASSETCATALOG_COMPILER_APPICON_NAME = AppIcon;
				ASSETCATALOG_COMPILER_GLOBAL_ACCENT_COLOR_NAME = AccentColor;
				CODE_SIGN_STYLE = Automatic;
				CURRENT_PROJECT_VERSION = 1;
				DEVELOPMENT_ASSET_PATHS = "\"MySaf/Preview Content\"";
				DEVELOPMENT_TEAM = 648U26QNYT;
				ENABLE_PREVIEWS = YES;
				GENERATE_INFOPLIST_FILE = YES;
				INFOPLIST_KEY_UIApplicationSceneManifest_Generation = YES;
				INFOPLIST_KEY_UIApplicationSupportsIndirectInputEvents = YES;
				INFOPLIST_KEY_UILaunchScreen_Generation = YES;
				INFOPLIST_KEY_UISupportedInterfaceOrientations_iPad = "UIInterfaceOrientationPortrait UIInterfaceOrientationPortraitUpsideDown UIInterfaceOrientationLandscapeLeft UIInterfaceOrientationLandscapeRight";
				INFOPLIST_KEY_UISupportedInterfaceOrientations_iPhone = "UIInterfaceOrientationPortrait UIInterfaceOrientationLandscapeLeft UIInterfaceOrientationLandscapeRight";
				LD_RUNPATH_SEARCH_PATHS = (
					"$(inherited)",
					"@executable_path/Frameworks",
				);
				MARKETING_VERSION = 1.0;
				PRODUCT_BUNDLE_IDENTIFIER = com.MySaf;
				PRODUCT_NAME = "$(TARGET_NAME)";
				SWIFT_EMIT_LOC_STRINGS = YES;
				SWIFT_VERSION = 5.0;
				TARGETED_DEVICE_FAMILY = "1,2";
			};
			name = Debug;
		};
		D7E2EE7A2BF3A1E200F52350 /* Release */ = {
			isa = XCBuildConfiguration;
			buildSettings = {
				ASSETCATALOG_COMPILER_APPICON_NAME = AppIcon;
				ASSETCATALOG_COMPILER_GLOBAL_ACCENT_COLOR_NAME = AccentColor;
				CODE_SIGN_STYLE = Automatic;
				CURRENT_PROJECT_VERSION = 1;
				DEVELOPMENT_ASSET_PATHS = "\"MySaf/Preview Content\"";
				DEVELOPMENT_TEAM = 648U26QNYT;
				ENABLE_PREVIEWS = YES;
				GENERATE_INFOPLIST_FILE = YES;
				INFOPLIST_KEY_UIApplicationSceneManifest_Generation = YES;
				INFOPLIST_KEY_UIApplicationSupportsIndirectInputEvents = YES;
				INFOPLIST_KEY_UILaunchScreen_Generation = YES;
				INFOPLIST_KEY_UISupportedInterfaceOrientations_iPad = "UIInterfaceOrientationPortrait UIInterfaceOrientationPortraitUpsideDown UIInterfaceOrientationLandscapeLeft UIInterfaceOrientationLandscapeRight";
				INFOPLIST_KEY_UISupportedInterfaceOrientations_iPhone = "UIInterfaceOrientationPortrait UIInterfaceOrientationLandscapeLeft UIInterfaceOrientationLandscapeRight";
				LD_RUNPATH_SEARCH_PATHS = (
					"$(inherited)",
					"@executable_path/Frameworks",
				);
				MARKETING_VERSION = 1.0;
				PRODUCT_BUNDLE_IDENTIFIER = com.MySaf;
				PRODUCT_NAME = "$(TARGET_NAME)";
				SWIFT_EMIT_LOC_STRINGS = YES;
				SWIFT_VERSION = 5.0;
				TARGETED_DEVICE_FAMILY = "1,2";
			};
			name = Release;
		};
/* End XCBuildConfiguration section */

/* Begin XCConfigurationList section */
		D7E2EE652BF3A1E000F52350 /* Build configuration list for PBXProject "MySaf" */ = {
			isa = XCConfigurationList;
			buildConfigurations = (
				D7E2EE762BF3A1E200F52350 /* Debug */,
				D7E2EE772BF3A1E200F52350 /* Release */,
			);
			defaultConfigurationIsVisible = 0;
			defaultConfigurationName = Release;
		};
		D7E2EE782BF3A1E200F52350 /* Build configuration list for PBXNativeTarget "MySaf" */ = {
			isa = XCConfigurationList;
			buildConfigurations = (
				D7E2EE792BF3A1E200F52350 /* Debug */,
				D7E2EE7A2BF3A1E200F52350 /* Release */,
			);
			defaultConfigurationIsVisible = 0;
			defaultConfigurationName = Release;
		};
/* End XCConfigurationList section */

/* Begin XCRemoteSwiftPackageReference section */
		D7E2EE7E2BF3A58400F52350 /* XCRemoteSwiftPackageReference "firebase-ios-sdk" */ = {
			isa = XCRemoteSwiftPackageReference;
			repositoryURL = "https://github.com/firebase/firebase-ios-sdk";
			requirement = {
				kind = upToNextMajorVersion;
				minimumVersion = 10.26.0;
			};
		};
/* End XCRemoteSwiftPackageReference section */

/* Begin XCSwiftPackageProductDependency section */
		D7E2EE802BF3A7D500F52350 /* FirebaseAuth */ = {
			isa = XCSwiftPackageProductDependency;
			package = D7E2EE7E2BF3A58400F52350 /* XCRemoteSwiftPackageReference "firebase-ios-sdk" */;
			productName = FirebaseAuth;
		};
		D7E2EE822BF3A7D500F52350 /* FirebaseAuthCombine-Community */ = {
			isa = XCSwiftPackageProductDependency;
			package = D7E2EE7E2BF3A58400F52350 /* XCRemoteSwiftPackageReference "firebase-ios-sdk" */;
			productName = "FirebaseAuthCombine-Community";
		};
/* End XCSwiftPackageProductDependency section */
	};
	rootObject = D7E2EE622BF3A1E000F52350 /* Project object */;
}
