// !$*UTF8*$!
{
	archiveVersion = 1;
	classes = {
	};
	objectVersion = 56;
	objects = {

/* Begin PBXBuildFile section */
		D74A7D432BFCC05B0092F854 /* APIKey.swift in Sources */ = {isa = PBXBuildFile; fileRef = D74A7D422BFCC05B0092F854 /* APIKey.swift */; };
		D74A7D492BFCC1970092F854 /* OpenAI.swift in Sources */ = {isa = PBXBuildFile; fileRef = D74A7D482BFCC1970092F854 /* OpenAI.swift */; };
		D770C5E02BFF1BB900644507 /* TransactionType.swift in Sources */ = {isa = PBXBuildFile; fileRef = D770C5DF2BFF1BB900644507 /* TransactionType.swift */; };
		D770C5E22BFF289E00644507 /* AppDelegate.swift in Sources */ = {isa = PBXBuildFile; fileRef = D770C5E12BFF289E00644507 /* AppDelegate.swift */; };
		D770C5E42BFF38CB00644507 /* CheckMarkAnimation.swift in Sources */ = {isa = PBXBuildFile; fileRef = D770C5E32BFF38CB00644507 /* CheckMarkAnimation.swift */; };
		D770C5E82BFF4DDA00644507 /* BuyAirtime.swift in Sources */ = {isa = PBXBuildFile; fileRef = D770C5E72BFF4DDA00644507 /* BuyAirtime.swift */; };
		D770C5EA2BFF63FE00644507 /* PopUp.swift in Sources */ = {isa = PBXBuildFile; fileRef = D770C5E92BFF63FD00644507 /* PopUp.swift */; };
		D770C5ED2BFF6C9200644507 /* RandomID.swift in Sources */ = {isa = PBXBuildFile; fileRef = D770C5EC2BFF6C9100644507 /* RandomID.swift */; };
		D770C5EF2BFF807F00644507 /* ErrorAnimation.swift in Sources */ = {isa = PBXBuildFile; fileRef = D770C5EE2BFF807F00644507 /* ErrorAnimation.swift */; };
		D7BC00AF2BFD1E3300E29AB8 /* PinView.swift in Sources */ = {isa = PBXBuildFile; fileRef = D7BC00AE2BFD1E3300E29AB8 /* PinView.swift */; };
		D7BC00B12BFD4B2700E29AB8 /* SentView.swift in Sources */ = {isa = PBXBuildFile; fileRef = D7BC00B02BFD4B2700E29AB8 /* SentView.swift */; };
		D7BC00B42BFDCFC100E29AB8 /* LocalAuth.swift in Sources */ = {isa = PBXBuildFile; fileRef = D7BC00B32BFDCFC100E29AB8 /* LocalAuth.swift */; };
		D7BC00B72BFDE0CF00E29AB8 /* NotificationManager.swift in Sources */ = {isa = PBXBuildFile; fileRef = D7BC00B62BFDE0CF00E29AB8 /* NotificationManager.swift */; };
		D7BC00B92BFDF2A400E29AB8 /* Launch Screen.storyboard in Resources */ = {isa = PBXBuildFile; fileRef = D7BC00B82BFDF2A400E29AB8 /* Launch Screen.storyboard */; };
		D7BC00BD2BFE1D7800E29AB8 /* FulizaView.swift in Sources */ = {isa = PBXBuildFile; fileRef = D7BC00BC2BFE1D7800E29AB8 /* FulizaView.swift */; };
		D7BC00BF2BFE271500E29AB8 /* MpesaBalance.swift in Sources */ = {isa = PBXBuildFile; fileRef = D7BC00BE2BFE271500E29AB8 /* MpesaBalance.swift */; };
		D7BC00C22BFE528C00E29AB8 /* GoogleGenerativeAI in Frameworks */ = {isa = PBXBuildFile; productRef = D7BC00C12BFE528C00E29AB8 /* GoogleGenerativeAI */; };
		D7BC00C52BFE52A900E29AB8 /* Alamofire in Frameworks */ = {isa = PBXBuildFile; productRef = D7BC00C42BFE52A900E29AB8 /* Alamofire */; };
		D7E2EE6E2BF3A1E000F52350 /* MySafApp.swift in Sources */ = {isa = PBXBuildFile; fileRef = D7E2EE6D2BF3A1E000F52350 /* MySafApp.swift */; };
		D7E2EE702BF3A1E000F52350 /* ContentView.swift in Sources */ = {isa = PBXBuildFile; fileRef = D7E2EE6F2BF3A1E000F52350 /* ContentView.swift */; };
		D7E2EE722BF3A1E200F52350 /* Assets.xcassets in Resources */ = {isa = PBXBuildFile; fileRef = D7E2EE712BF3A1E200F52350 /* Assets.xcassets */; };
		D7E2EE752BF3A1E200F52350 /* Preview Assets.xcassets in Resources */ = {isa = PBXBuildFile; fileRef = D7E2EE742BF3A1E200F52350 /* Preview Assets.xcassets */; };
		D7E3117B2BF5366200A35A94 /* CustomTabBar.swift in Sources */ = {isa = PBXBuildFile; fileRef = D7E3117A2BF5366200A35A94 /* CustomTabBar.swift */; };
		D7E3117D2BF5721400A35A94 /* MainTab.swift in Sources */ = {isa = PBXBuildFile; fileRef = D7E3117C2BF5721300A35A94 /* MainTab.swift */; };
		D7E311832BF5EF1400A35A94 /* HomeView.swift in Sources */ = {isa = PBXBuildFile; fileRef = D7E311822BF5EF1400A35A94 /* HomeView.swift */; };
		D7E311852BF5F1AC00A35A94 /* TopView.swift in Sources */ = {isa = PBXBuildFile; fileRef = D7E311842BF5F1AC00A35A94 /* TopView.swift */; };
		D7E3118A2BF613EF00A35A94 /* StoryView.swift in Sources */ = {isa = PBXBuildFile; fileRef = D7E311892BF613EF00A35A94 /* StoryView.swift */; };
		D7E3118C2BF6288600A35A94 /* GridRow.swift in Sources */ = {isa = PBXBuildFile; fileRef = D7E3118B2BF6288600A35A94 /* GridRow.swift */; };
		D7E3118E2BF62AAD00A35A94 /* ImageCarousel.swift in Sources */ = {isa = PBXBuildFile; fileRef = D7E3118D2BF62AAD00A35A94 /* ImageCarousel.swift */; };
		D7E311902BF6469600A35A94 /* HotDeals.swift in Sources */ = {isa = PBXBuildFile; fileRef = D7E3118F2BF6469600A35A94 /* HotDeals.swift */; };
		D7E311922BF6A96D00A35A94 /* ImageView.swift in Sources */ = {isa = PBXBuildFile; fileRef = D7E311912BF6A96D00A35A94 /* ImageView.swift */; };
		D7E311942BF70F3600A35A94 /* AccountBalance.swift in Sources */ = {isa = PBXBuildFile; fileRef = D7E311932BF70F3600A35A94 /* AccountBalance.swift */; };
		D7E311962BF70F8200A35A94 /* BalanceRow.swift in Sources */ = {isa = PBXBuildFile; fileRef = D7E311952BF70F8200A35A94 /* BalanceRow.swift */; };
		D7E311992BF7451F00A35A94 /* MpesaView.swift in Sources */ = {isa = PBXBuildFile; fileRef = D7E311982BF7451F00A35A94 /* MpesaView.swift */; };
		D7E3119B2BF745DB00A35A94 /* MpesaButton.swift in Sources */ = {isa = PBXBuildFile; fileRef = D7E3119A2BF745DB00A35A94 /* MpesaButton.swift */; };
		D7E3119E2BF750D900A35A94 /* SendMoney.swift in Sources */ = {isa = PBXBuildFile; fileRef = D7E3119D2BF750D900A35A94 /* SendMoney.swift */; };
		D7E311A02BF7A1F900A35A94 /* Withdraw.swift in Sources */ = {isa = PBXBuildFile; fileRef = D7E3119F2BF7A1F900A35A94 /* Withdraw.swift */; };
		D7E311A22BF8D24F00A35A94 /* Zuri.swift in Sources */ = {isa = PBXBuildFile; fileRef = D7E311A12BF8D24F00A35A94 /* Zuri.swift */; };
		D7E311A82BFB334700A35A94 /* SPage.swift in Sources */ = {isa = PBXBuildFile; fileRef = D7E311A72BFB334700A35A94 /* SPage.swift */; };
		D7E311AB2BFB36AE00A35A94 /* Account.swift in Sources */ = {isa = PBXBuildFile; fileRef = D7E311AA2BFB36AE00A35A94 /* Account.swift */; };
		D7E311AE2BFB4F1200A35A94 /* Categories.swift in Sources */ = {isa = PBXBuildFile; fileRef = D7E311AD2BFB4F1200A35A94 /* Categories.swift */; };
/* End PBXBuildFile section */

/* Begin PBXFileReference section */
		D74A7D2C2BFC87510092F854 /* MySaf.app */ = {isa = PBXFileReference; explicitFileType = wrapper.application; includeInIndex = 0; path = MySaf.app; sourceTree = BUILT_PRODUCTS_DIR; };
		D74A7D422BFCC05B0092F854 /* APIKey.swift */ = {isa = PBXFileReference; lastKnownFileType = sourcecode.swift; path = APIKey.swift; sourceTree = "<group>"; };
		D74A7D482BFCC1970092F854 /* OpenAI.swift */ = {isa = PBXFileReference; lastKnownFileType = sourcecode.swift; path = OpenAI.swift; sourceTree = "<group>"; };
		D770C5DE2BFF1A4B00644507 /* Info.plist */ = {isa = PBXFileReference; lastKnownFileType = text.plist; path = Info.plist; sourceTree = "<group>"; };
		D770C5DF2BFF1BB900644507 /* TransactionType.swift */ = {isa = PBXFileReference; lastKnownFileType = sourcecode.swift; path = TransactionType.swift; sourceTree = "<group>"; };
		D770C5E12BFF289E00644507 /* AppDelegate.swift */ = {isa = PBXFileReference; lastKnownFileType = sourcecode.swift; path = AppDelegate.swift; sourceTree = "<group>"; };
		D770C5E32BFF38CB00644507 /* CheckMarkAnimation.swift */ = {isa = PBXFileReference; lastKnownFileType = sourcecode.swift; path = CheckMarkAnimation.swift; sourceTree = "<group>"; };
		D770C5E72BFF4DDA00644507 /* BuyAirtime.swift */ = {isa = PBXFileReference; lastKnownFileType = sourcecode.swift; path = BuyAirtime.swift; sourceTree = "<group>"; };
		D770C5E92BFF63FD00644507 /* PopUp.swift */ = {isa = PBXFileReference; lastKnownFileType = sourcecode.swift; path = PopUp.swift; sourceTree = "<group>"; };
		D770C5EC2BFF6C9100644507 /* RandomID.swift */ = {isa = PBXFileReference; lastKnownFileType = sourcecode.swift; path = RandomID.swift; sourceTree = "<group>"; };
		D770C5EE2BFF807F00644507 /* ErrorAnimation.swift */ = {isa = PBXFileReference; lastKnownFileType = sourcecode.swift; path = ErrorAnimation.swift; sourceTree = "<group>"; };
		D7BC00AE2BFD1E3300E29AB8 /* PinView.swift */ = {isa = PBXFileReference; lastKnownFileType = sourcecode.swift; path = PinView.swift; sourceTree = "<group>"; };
		D7BC00B02BFD4B2700E29AB8 /* SentView.swift */ = {isa = PBXFileReference; lastKnownFileType = sourcecode.swift; path = SentView.swift; sourceTree = "<group>"; };
		D7BC00B32BFDCFC100E29AB8 /* LocalAuth.swift */ = {isa = PBXFileReference; lastKnownFileType = sourcecode.swift; path = LocalAuth.swift; sourceTree = "<group>"; };
		D7BC00B62BFDE0CF00E29AB8 /* NotificationManager.swift */ = {isa = PBXFileReference; lastKnownFileType = sourcecode.swift; path = NotificationManager.swift; sourceTree = "<group>"; };
		D7BC00B82BFDF2A400E29AB8 /* Launch Screen.storyboard */ = {isa = PBXFileReference; lastKnownFileType = file.storyboard; path = "Launch Screen.storyboard"; sourceTree = "<group>"; };
		D7BC00BC2BFE1D7800E29AB8 /* FulizaView.swift */ = {isa = PBXFileReference; lastKnownFileType = sourcecode.swift; path = FulizaView.swift; sourceTree = "<group>"; };
		D7BC00BE2BFE271500E29AB8 /* MpesaBalance.swift */ = {isa = PBXFileReference; lastKnownFileType = sourcecode.swift; path = MpesaBalance.swift; sourceTree = "<group>"; };
		D7E2EE6D2BF3A1E000F52350 /* MySafApp.swift */ = {isa = PBXFileReference; lastKnownFileType = sourcecode.swift; path = MySafApp.swift; sourceTree = "<group>"; };
		D7E2EE6F2BF3A1E000F52350 /* ContentView.swift */ = {isa = PBXFileReference; lastKnownFileType = sourcecode.swift; path = ContentView.swift; sourceTree = "<group>"; };
		D7E2EE712BF3A1E200F52350 /* Assets.xcassets */ = {isa = PBXFileReference; lastKnownFileType = folder.assetcatalog; path = Assets.xcassets; sourceTree = "<group>"; };
		D7E2EE742BF3A1E200F52350 /* Preview Assets.xcassets */ = {isa = PBXFileReference; lastKnownFileType = folder.assetcatalog; path = "Preview Assets.xcassets"; sourceTree = "<group>"; };
		D7E3117A2BF5366200A35A94 /* CustomTabBar.swift */ = {isa = PBXFileReference; lastKnownFileType = sourcecode.swift; path = CustomTabBar.swift; sourceTree = "<group>"; };
		D7E3117C2BF5721300A35A94 /* MainTab.swift */ = {isa = PBXFileReference; lastKnownFileType = sourcecode.swift; path = MainTab.swift; sourceTree = "<group>"; };
		D7E311822BF5EF1400A35A94 /* HomeView.swift */ = {isa = PBXFileReference; lastKnownFileType = sourcecode.swift; path = HomeView.swift; sourceTree = "<group>"; };
		D7E311842BF5F1AC00A35A94 /* TopView.swift */ = {isa = PBXFileReference; lastKnownFileType = sourcecode.swift; path = TopView.swift; sourceTree = "<group>"; };
		D7E311892BF613EF00A35A94 /* StoryView.swift */ = {isa = PBXFileReference; lastKnownFileType = sourcecode.swift; path = StoryView.swift; sourceTree = "<group>"; };
		D7E3118B2BF6288600A35A94 /* GridRow.swift */ = {isa = PBXFileReference; lastKnownFileType = sourcecode.swift; path = GridRow.swift; sourceTree = "<group>"; };
		D7E3118D2BF62AAD00A35A94 /* ImageCarousel.swift */ = {isa = PBXFileReference; lastKnownFileType = sourcecode.swift; path = ImageCarousel.swift; sourceTree = "<group>"; };
		D7E3118F2BF6469600A35A94 /* HotDeals.swift */ = {isa = PBXFileReference; lastKnownFileType = sourcecode.swift; path = HotDeals.swift; sourceTree = "<group>"; };
		D7E311912BF6A96D00A35A94 /* ImageView.swift */ = {isa = PBXFileReference; lastKnownFileType = sourcecode.swift; path = ImageView.swift; sourceTree = "<group>"; };
		D7E311932BF70F3600A35A94 /* AccountBalance.swift */ = {isa = PBXFileReference; lastKnownFileType = sourcecode.swift; path = AccountBalance.swift; sourceTree = "<group>"; };
		D7E311952BF70F8200A35A94 /* BalanceRow.swift */ = {isa = PBXFileReference; lastKnownFileType = sourcecode.swift; path = BalanceRow.swift; sourceTree = "<group>"; };
		D7E311982BF7451F00A35A94 /* MpesaView.swift */ = {isa = PBXFileReference; lastKnownFileType = sourcecode.swift; path = MpesaView.swift; sourceTree = "<group>"; };
		D7E3119A2BF745DB00A35A94 /* MpesaButton.swift */ = {isa = PBXFileReference; lastKnownFileType = sourcecode.swift; path = MpesaButton.swift; sourceTree = "<group>"; };
		D7E3119D2BF750D900A35A94 /* SendMoney.swift */ = {isa = PBXFileReference; lastKnownFileType = sourcecode.swift; path = SendMoney.swift; sourceTree = "<group>"; };
		D7E3119F2BF7A1F900A35A94 /* Withdraw.swift */ = {isa = PBXFileReference; lastKnownFileType = sourcecode.swift; path = Withdraw.swift; sourceTree = "<group>"; };
		D7E311A12BF8D24F00A35A94 /* Zuri.swift */ = {isa = PBXFileReference; lastKnownFileType = sourcecode.swift; path = Zuri.swift; sourceTree = "<group>"; };
		D7E311A72BFB334700A35A94 /* SPage.swift */ = {isa = PBXFileReference; lastKnownFileType = sourcecode.swift; path = SPage.swift; sourceTree = "<group>"; };
		D7E311AA2BFB36AE00A35A94 /* Account.swift */ = {isa = PBXFileReference; lastKnownFileType = sourcecode.swift; path = Account.swift; sourceTree = "<group>"; };
		D7E311AD2BFB4F1200A35A94 /* Categories.swift */ = {isa = PBXFileReference; lastKnownFileType = sourcecode.swift; path = Categories.swift; sourceTree = "<group>"; };
/* End PBXFileReference section */

/* Begin PBXFrameworksBuildPhase section */
		D7E2EE672BF3A1E000F52350 /* Frameworks */ = {
			isa = PBXFrameworksBuildPhase;
			buildActionMask = 2147483647;
			files = (
				D7BC00C22BFE528C00E29AB8 /* GoogleGenerativeAI in Frameworks */,
				D7BC00C52BFE52A900E29AB8 /* Alamofire in Frameworks */,
			);
			runOnlyForDeploymentPostprocessing = 0;
		};
/* End PBXFrameworksBuildPhase section */

/* Begin PBXGroup section */
		D74A7D472BFCC1840092F854 /* ViewModel */ = {
			isa = PBXGroup;
			children = (
				D74A7D482BFCC1970092F854 /* OpenAI.swift */,
			);
			path = ViewModel;
			sourceTree = "<group>";
		};
		D74A7D4A2BFCFF8A0092F854 /* Components */ = {
			isa = PBXGroup;
			children = (
				D7BC00AE2BFD1E3300E29AB8 /* PinView.swift */,
				D7BC00B02BFD4B2700E29AB8 /* SentView.swift */,
				D7BC00BC2BFE1D7800E29AB8 /* FulizaView.swift */,
			);
			path = Components;
			sourceTree = "<group>";
		};
		D770C5EB2BFF6C8400644507 /* Helper */ = {
			isa = PBXGroup;
			children = (
				D770C5EC2BFF6C9100644507 /* RandomID.swift */,
			);
			path = Helper;
			sourceTree = "<group>";
		};
		D7BC00B22BFDCF9D00E29AB8 /* Auth */ = {
			isa = PBXGroup;
			children = (
				D7BC00B32BFDCFC100E29AB8 /* LocalAuth.swift */,
				D7BC00BE2BFE271500E29AB8 /* MpesaBalance.swift */,
				D770C5DF2BFF1BB900644507 /* TransactionType.swift */,
				D770C5E12BFF289E00644507 /* AppDelegate.swift */,
			);
			path = Auth;
			sourceTree = "<group>";
		};
		D7BC00B52BFDE0BF00E29AB8 /* Notifications */ = {
			isa = PBXGroup;
			children = (
				D7BC00B62BFDE0CF00E29AB8 /* NotificationManager.swift */,
			);
			path = Notifications;
			sourceTree = "<group>";
		};
		D7E2EE612BF3A1E000F52350 = {
			isa = PBXGroup;
			children = (
				D7E2EE6C2BF3A1E000F52350 /* MySaf */,
				D7E2EE7F2BF3A7D500F52350 /* Frameworks */,
				D74A7D2C2BFC87510092F854 /* MySaf.app */,
			);
			sourceTree = "<group>";
		};
		D7E2EE6C2BF3A1E000F52350 /* MySaf */ = {
			isa = PBXGroup;
			children = (
				D770C5EB2BFF6C8400644507 /* Helper */,
				D770C5DE2BFF1A4B00644507 /* Info.plist */,
				D7BC00B52BFDE0BF00E29AB8 /* Notifications */,
				D7E311752BF5360100A35A94 /* App */,
				D7BC00B22BFDCF9D00E29AB8 /* Auth */,
				D7E311762BF5360600A35A94 /* Core */,
				D7E311772BF5360B00A35A94 /* Components */,
				D7E2EE6F2BF3A1E000F52350 /* ContentView.swift */,
				D7E2EE712BF3A1E200F52350 /* Assets.xcassets */,
				D7E2EE732BF3A1E200F52350 /* Preview Content */,
			);
			path = MySaf;
			sourceTree = "<group>";
		};
		D7E2EE732BF3A1E200F52350 /* Preview Content */ = {
			isa = PBXGroup;
			children = (
				D7E2EE742BF3A1E200F52350 /* Preview Assets.xcassets */,
			);
			path = "Preview Content";
			sourceTree = "<group>";
		};
		D7E2EE7F2BF3A7D500F52350 /* Frameworks */ = {
			isa = PBXGroup;
			children = (
			);
			name = Frameworks;
			sourceTree = "<group>";
		};
		D7E311752BF5360100A35A94 /* App */ = {
			isa = PBXGroup;
			children = (
				D7E2EE6D2BF3A1E000F52350 /* MySafApp.swift */,
			);
			path = App;
			sourceTree = "<group>";
		};
		D7E311762BF5360600A35A94 /* Core */ = {
			isa = PBXGroup;
			children = (
				D7E311AC2BFB4EC200A35A94 /* Categories */,
				D7E311A92BFB36A000A35A94 /* Account */,
				D7E311A62BFB333200A35A94 /* SPage */,
				D7E311972BF7450D00A35A94 /* MpesaView */,
				D7E3117E2BF5EEE600A35A94 /* HomeView */,
			);
			path = Core;
			sourceTree = "<group>";
		};
		D7E311772BF5360B00A35A94 /* Components */ = {
			isa = PBXGroup;
			children = (
				D7E3117A2BF5366200A35A94 /* CustomTabBar.swift */,
				D7E3117C2BF5721300A35A94 /* MainTab.swift */,
				D7E311892BF613EF00A35A94 /* StoryView.swift */,
				D7E3118B2BF6288600A35A94 /* GridRow.swift */,
				D7E3118D2BF62AAD00A35A94 /* ImageCarousel.swift */,
				D7BC00B82BFDF2A400E29AB8 /* Launch Screen.storyboard */,
				D7E311912BF6A96D00A35A94 /* ImageView.swift */,
				D770C5E32BFF38CB00644507 /* CheckMarkAnimation.swift */,
				D770C5E92BFF63FD00644507 /* PopUp.swift */,
				D770C5EE2BFF807F00644507 /* ErrorAnimation.swift */,
			);
			path = Components;
			sourceTree = "<group>";
		};
		D7E3117E2BF5EEE600A35A94 /* HomeView */ = {
			isa = PBXGroup;
			children = (
				D74A7D472BFCC1840092F854 /* ViewModel */,
				D7E311802BF5EEFA00A35A94 /* View */,
				D7E3117F2BF5EEF100A35A94 /* Components */,
			);
			path = HomeView;
			sourceTree = "<group>";
		};
		D7E3117F2BF5EEF100A35A94 /* Components */ = {
			isa = PBXGroup;
			children = (
				D7E311842BF5F1AC00A35A94 /* TopView.swift */,
				D7E3118F2BF6469600A35A94 /* HotDeals.swift */,
				D7E311952BF70F8200A35A94 /* BalanceRow.swift */,
				D7E3119A2BF745DB00A35A94 /* MpesaButton.swift */,
			);
			path = Components;
			sourceTree = "<group>";
		};
		D7E311802BF5EEFA00A35A94 /* View */ = {
			isa = PBXGroup;
			children = (
				D7E311A12BF8D24F00A35A94 /* Zuri.swift */,
				D7E311822BF5EF1400A35A94 /* HomeView.swift */,
				D7E311932BF70F3600A35A94 /* AccountBalance.swift */,
			);
			path = View;
			sourceTree = "<group>";
		};
		D7E311972BF7450D00A35A94 /* MpesaView */ = {
			isa = PBXGroup;
			children = (
				D74A7D4A2BFCFF8A0092F854 /* Components */,
				D7E311982BF7451F00A35A94 /* MpesaView.swift */,
				D7E3119C2BF750C400A35A94 /* SubViews */,
			);
			path = MpesaView;
			sourceTree = "<group>";
		};
		D7E3119C2BF750C400A35A94 /* SubViews */ = {
			isa = PBXGroup;
			children = (
				D7E3119D2BF750D900A35A94 /* SendMoney.swift */,
				D7E3119F2BF7A1F900A35A94 /* Withdraw.swift */,
				D74A7D422BFCC05B0092F854 /* APIKey.swift */,
				D770C5E72BFF4DDA00644507 /* BuyAirtime.swift */,
			);
			path = SubViews;
			sourceTree = "<group>";
		};
		D7E311A62BFB333200A35A94 /* SPage */ = {
			isa = PBXGroup;
			children = (
				D7E311A72BFB334700A35A94 /* SPage.swift */,
			);
			path = SPage;
			sourceTree = "<group>";
		};
		D7E311A92BFB36A000A35A94 /* Account */ = {
			isa = PBXGroup;
			children = (
				D7E311AA2BFB36AE00A35A94 /* Account.swift */,
			);
			path = Account;
			sourceTree = "<group>";
		};
		D7E311AC2BFB4EC200A35A94 /* Categories */ = {
			isa = PBXGroup;
			children = (
				D7E311AD2BFB4F1200A35A94 /* Categories.swift */,
			);
			path = Categories;
			sourceTree = "<group>";
		};
/* End PBXGroup section */

/* Begin PBXNativeTarget section */
		D7E2EE692BF3A1E000F52350 /* MySaf */ = {
			isa = PBXNativeTarget;
			buildConfigurationList = D7E2EE782BF3A1E200F52350 /* Build configuration list for PBXNativeTarget "MySaf" */;
			buildPhases = (
				D7E2EE662BF3A1E000F52350 /* Sources */,
				D7E2EE672BF3A1E000F52350 /* Frameworks */,
				D7E2EE682BF3A1E000F52350 /* Resources */,
			);
			buildRules = (
			);
			dependencies = (
			);
			name = MySaf;
			packageProductDependencies = (
				D7BC00C12BFE528C00E29AB8 /* GoogleGenerativeAI */,
				D7BC00C42BFE52A900E29AB8 /* Alamofire */,
			);
			productName = MySaf;
			productReference = D74A7D2C2BFC87510092F854 /* MySaf.app */;
			productType = "com.apple.product-type.application";
		};
/* End PBXNativeTarget section */

/* Begin PBXProject section */
		D7E2EE622BF3A1E000F52350 /* Project object */ = {
			isa = PBXProject;
			attributes = {
				BuildIndependentTargetsInParallel = 1;
				LastSwiftUpdateCheck = 1530;
				LastUpgradeCheck = 1530;
				TargetAttributes = {
					D7E2EE692BF3A1E000F52350 = {
						CreatedOnToolsVersion = 15.3;
					};
				};
			};
			buildConfigurationList = D7E2EE652BF3A1E000F52350 /* Build configuration list for PBXProject "MySaf" */;
			compatibilityVersion = "Xcode 14.0";
			developmentRegion = en;
			hasScannedForEncodings = 0;
			knownRegions = (
				en,
				Base,
			);
			mainGroup = D7E2EE612BF3A1E000F52350;
			packageReferences = (
				D7BC00C02BFE528C00E29AB8 /* XCRemoteSwiftPackageReference "generative-ai-swift" */,
				D7BC00C32BFE52A900E29AB8 /* XCRemoteSwiftPackageReference "Alamofire" */,
			);
			productRefGroup = D7E2EE612BF3A1E000F52350;
			projectDirPath = "";
			projectRoot = "";
			targets = (
				D7E2EE692BF3A1E000F52350 /* MySaf */,
			);
		};
/* End PBXProject section */

/* Begin PBXResourcesBuildPhase section */
		D7E2EE682BF3A1E000F52350 /* Resources */ = {
			isa = PBXResourcesBuildPhase;
			buildActionMask = 2147483647;
			files = (
				D7E2EE752BF3A1E200F52350 /* Preview Assets.xcassets in Resources */,
				D7E2EE722BF3A1E200F52350 /* Assets.xcassets in Resources */,
				D7BC00B92BFDF2A400E29AB8 /* Launch Screen.storyboard in Resources */,
			);
			runOnlyForDeploymentPostprocessing = 0;
		};
/* End PBXResourcesBuildPhase section */

/* Begin PBXSourcesBuildPhase section */
		D7E2EE662BF3A1E000F52350 /* Sources */ = {
			isa = PBXSourcesBuildPhase;
			buildActionMask = 2147483647;
			files = (
				D7BC00BD2BFE1D7800E29AB8 /* FulizaView.swift in Sources */,
				D7E3117D2BF5721400A35A94 /* MainTab.swift in Sources */,
				D7E311962BF70F8200A35A94 /* BalanceRow.swift in Sources */,
				D7E2EE702BF3A1E000F52350 /* ContentView.swift in Sources */,
				D7E3117B2BF5366200A35A94 /* CustomTabBar.swift in Sources */,
				D770C5EF2BFF807F00644507 /* ErrorAnimation.swift in Sources */,
				D7BC00AF2BFD1E3300E29AB8 /* PinView.swift in Sources */,
				D7BC00B12BFD4B2700E29AB8 /* SentView.swift in Sources */,
				D770C5E22BFF289E00644507 /* AppDelegate.swift in Sources */,
				D7E311832BF5EF1400A35A94 /* HomeView.swift in Sources */,
				D770C5EA2BFF63FE00644507 /* PopUp.swift in Sources */,
				D7E311AB2BFB36AE00A35A94 /* Account.swift in Sources */,
				D770C5E42BFF38CB00644507 /* CheckMarkAnimation.swift in Sources */,
				D74A7D432BFCC05B0092F854 /* APIKey.swift in Sources */,
				D7E311A22BF8D24F00A35A94 /* Zuri.swift in Sources */,
				D7BC00B42BFDCFC100E29AB8 /* LocalAuth.swift in Sources */,
				D7BC00BF2BFE271500E29AB8 /* MpesaBalance.swift in Sources */,
				D7E311922BF6A96D00A35A94 /* ImageView.swift in Sources */,
				D7E311AE2BFB4F1200A35A94 /* Categories.swift in Sources */,
				D770C5ED2BFF6C9200644507 /* RandomID.swift in Sources */,
				D7E311852BF5F1AC00A35A94 /* TopView.swift in Sources */,
				D7E311A82BFB334700A35A94 /* SPage.swift in Sources */,
				D7E311902BF6469600A35A94 /* HotDeals.swift in Sources */,
				D7E3118A2BF613EF00A35A94 /* StoryView.swift in Sources */,
				D7BC00B72BFDE0CF00E29AB8 /* NotificationManager.swift in Sources */,
				D7E3118C2BF6288600A35A94 /* GridRow.swift in Sources */,
				D770C5E02BFF1BB900644507 /* TransactionType.swift in Sources */,
				D7E3118E2BF62AAD00A35A94 /* ImageCarousel.swift in Sources */,
				D7E3119E2BF750D900A35A94 /* SendMoney.swift in Sources */,
				D7E3119B2BF745DB00A35A94 /* MpesaButton.swift in Sources */,
				D7E311992BF7451F00A35A94 /* MpesaView.swift in Sources */,
				D770C5E82BFF4DDA00644507 /* BuyAirtime.swift in Sources */,
				D7E311942BF70F3600A35A94 /* AccountBalance.swift in Sources */,
				D7E311A02BF7A1F900A35A94 /* Withdraw.swift in Sources */,
				D74A7D492BFCC1970092F854 /* OpenAI.swift in Sources */,
				D7E2EE6E2BF3A1E000F52350 /* MySafApp.swift in Sources */,
			);
			runOnlyForDeploymentPostprocessing = 0;
		};
/* End PBXSourcesBuildPhase section */

/* Begin XCBuildConfiguration section */
		D7E2EE762BF3A1E200F52350 /* Debug */ = {
			isa = XCBuildConfiguration;
			buildSettings = {
				ALWAYS_SEARCH_USER_PATHS = NO;
				ASSETCATALOG_COMPILER_GENERATE_SWIFT_ASSET_SYMBOL_EXTENSIONS = YES;
				CLANG_ANALYZER_NONNULL = YES;
				CLANG_ANALYZER_NUMBER_OBJECT_CONVERSION = YES_AGGRESSIVE;
				CLANG_CXX_LANGUAGE_STANDARD = "gnu++20";
				CLANG_ENABLE_MODULES = YES;
				CLANG_ENABLE_OBJC_ARC = YES;
				CLANG_ENABLE_OBJC_WEAK = YES;
				CLANG_WARN_BLOCK_CAPTURE_AUTORELEASING = YES;
				CLANG_WARN_BOOL_CONVERSION = YES;
				CLANG_WARN_COMMA = YES;
				CLANG_WARN_CONSTANT_CONVERSION = YES;
				CLANG_WARN_DEPRECATED_OBJC_IMPLEMENTATIONS = YES;
				CLANG_WARN_DIRECT_OBJC_ISA_USAGE = YES_ERROR;
				CLANG_WARN_DOCUMENTATION_COMMENTS = YES;
				CLANG_WARN_EMPTY_BODY = YES;
				CLANG_WARN_ENUM_CONVERSION = YES;
				CLANG_WARN_INFINITE_RECURSION = YES;
				CLANG_WARN_INT_CONVERSION = YES;
				CLANG_WARN_NON_LITERAL_NULL_CONVERSION = YES;
				CLANG_WARN_OBJC_IMPLICIT_RETAIN_SELF = YES;
				CLANG_WARN_OBJC_LITERAL_CONVERSION = YES;
				CLANG_WARN_OBJC_ROOT_CLASS = YES_ERROR;
				CLANG_WARN_QUOTED_INCLUDE_IN_FRAMEWORK_HEADER = YES;
				CLANG_WARN_RANGE_LOOP_ANALYSIS = YES;
				CLANG_WARN_STRICT_PROTOTYPES = YES;
				CLANG_WARN_SUSPICIOUS_MOVE = YES;
				CLANG_WARN_UNGUARDED_AVAILABILITY = YES_AGGRESSIVE;
				CLANG_WARN_UNREACHABLE_CODE = YES;
				CLANG_WARN__DUPLICATE_METHOD_MATCH = YES;
				COPY_PHASE_STRIP = NO;
				DEBUG_INFORMATION_FORMAT = dwarf;
				ENABLE_STRICT_OBJC_MSGSEND = YES;
				ENABLE_TESTABILITY = YES;
				ENABLE_USER_SCRIPT_SANDBOXING = YES;
				GCC_C_LANGUAGE_STANDARD = gnu17;
				GCC_DYNAMIC_NO_PIC = NO;
				GCC_NO_COMMON_BLOCKS = YES;
				GCC_OPTIMIZATION_LEVEL = 0;
				GCC_PREPROCESSOR_DEFINITIONS = (
					"DEBUG=1",
					"$(inherited)",
				);
				GCC_WARN_64_TO_32_BIT_CONVERSION = YES;
				GCC_WARN_ABOUT_RETURN_TYPE = YES_ERROR;
				GCC_WARN_UNDECLARED_SELECTOR = YES;
				GCC_WARN_UNINITIALIZED_AUTOS = YES_AGGRESSIVE;
				GCC_WARN_UNUSED_FUNCTION = YES;
				GCC_WARN_UNUSED_VARIABLE = YES;
				IPHONEOS_DEPLOYMENT_TARGET = 17.4;
				LOCALIZATION_PREFERS_STRING_CATALOGS = YES;
				MTL_ENABLE_DEBUG_INFO = INCLUDE_SOURCE;
				MTL_FAST_MATH = YES;
				ONLY_ACTIVE_ARCH = YES;
				SDKROOT = iphoneos;
				SWIFT_ACTIVE_COMPILATION_CONDITIONS = "DEBUG $(inherited)";
				SWIFT_OPTIMIZATION_LEVEL = "-Onone";
			};
			name = Debug;
		};
		D7E2EE772BF3A1E200F52350 /* Release */ = {
			isa = XCBuildConfiguration;
			buildSettings = {
				ALWAYS_SEARCH_USER_PATHS = NO;
				ASSETCATALOG_COMPILER_GENERATE_SWIFT_ASSET_SYMBOL_EXTENSIONS = YES;
				CLANG_ANALYZER_NONNULL = YES;
				CLANG_ANALYZER_NUMBER_OBJECT_CONVERSION = YES_AGGRESSIVE;
				CLANG_CXX_LANGUAGE_STANDARD = "gnu++20";
				CLANG_ENABLE_MODULES = YES;
				CLANG_ENABLE_OBJC_ARC = YES;
				CLANG_ENABLE_OBJC_WEAK = YES;
				CLANG_WARN_BLOCK_CAPTURE_AUTORELEASING = YES;
				CLANG_WARN_BOOL_CONVERSION = YES;
				CLANG_WARN_COMMA = YES;
				CLANG_WARN_CONSTANT_CONVERSION = YES;
				CLANG_WARN_DEPRECATED_OBJC_IMPLEMENTATIONS = YES;
				CLANG_WARN_DIRECT_OBJC_ISA_USAGE = YES_ERROR;
				CLANG_WARN_DOCUMENTATION_COMMENTS = YES;
				CLANG_WARN_EMPTY_BODY = YES;
				CLANG_WARN_ENUM_CONVERSION = YES;
				CLANG_WARN_INFINITE_RECURSION = YES;
				CLANG_WARN_INT_CONVERSION = YES;
				CLANG_WARN_NON_LITERAL_NULL_CONVERSION = YES;
				CLANG_WARN_OBJC_IMPLICIT_RETAIN_SELF = YES;
				CLANG_WARN_OBJC_LITERAL_CONVERSION = YES;
				CLANG_WARN_OBJC_ROOT_CLASS = YES_ERROR;
				CLANG_WARN_QUOTED_INCLUDE_IN_FRAMEWORK_HEADER = YES;
				CLANG_WARN_RANGE_LOOP_ANALYSIS = YES;
				CLANG_WARN_STRICT_PROTOTYPES = YES;
				CLANG_WARN_SUSPICIOUS_MOVE = YES;
				CLANG_WARN_UNGUARDED_AVAILABILITY = YES_AGGRESSIVE;
				CLANG_WARN_UNREACHABLE_CODE = YES;
				CLANG_WARN__DUPLICATE_METHOD_MATCH = YES;
				COPY_PHASE_STRIP = NO;
				DEBUG_INFORMATION_FORMAT = "dwarf-with-dsym";
				ENABLE_NS_ASSERTIONS = NO;
				ENABLE_STRICT_OBJC_MSGSEND = YES;
				ENABLE_USER_SCRIPT_SANDBOXING = YES;
				GCC_C_LANGUAGE_STANDARD = gnu17;
				GCC_NO_COMMON_BLOCKS = YES;
				GCC_WARN_64_TO_32_BIT_CONVERSION = YES;
				GCC_WARN_ABOUT_RETURN_TYPE = YES_ERROR;
				GCC_WARN_UNDECLARED_SELECTOR = YES;
				GCC_WARN_UNINITIALIZED_AUTOS = YES_AGGRESSIVE;
				GCC_WARN_UNUSED_FUNCTION = YES;
				GCC_WARN_UNUSED_VARIABLE = YES;
				IPHONEOS_DEPLOYMENT_TARGET = 17.4;
				LOCALIZATION_PREFERS_STRING_CATALOGS = YES;
				MTL_ENABLE_DEBUG_INFO = NO;
				MTL_FAST_MATH = YES;
				SDKROOT = iphoneos;
				SWIFT_COMPILATION_MODE = wholemodule;
				VALIDATE_PRODUCT = YES;
			};
			name = Release;
		};
		D7E2EE792BF3A1E200F52350 /* Debug */ = {
			isa = XCBuildConfiguration;
			buildSettings = {
				ASSETCATALOG_COMPILER_APPICON_NAME = AppIcon;
				ASSETCATALOG_COMPILER_GLOBAL_ACCENT_COLOR_NAME = AccentColor;
				CODE_SIGN_STYLE = Automatic;
				CURRENT_PROJECT_VERSION = 1;
				DEVELOPMENT_ASSET_PATHS = "\"MySaf/Preview Content\"";
				DEVELOPMENT_TEAM = 648U26QNYT;
				ENABLE_PREVIEWS = YES;
				GENERATE_INFOPLIST_FILE = YES;
				INFOPLIST_FILE = MySaf/Info.plist;
				INFOPLIST_KEY_NSFaceIDUsageDescription = "Allow face id to secure your funds";
				INFOPLIST_KEY_UIApplicationSceneManifest_Generation = YES;
				INFOPLIST_KEY_UIApplicationSupportsIndirectInputEvents = YES;
				INFOPLIST_KEY_UILaunchScreen_Generation = YES;
				INFOPLIST_KEY_UILaunchStoryboardName = "Launch Screen.storyboard";
				INFOPLIST_KEY_UISupportedInterfaceOrientations_iPad = "UIInterfaceOrientationPortrait UIInterfaceOrientationPortraitUpsideDown UIInterfaceOrientationLandscapeLeft UIInterfaceOrientationLandscapeRight";
				INFOPLIST_KEY_UISupportedInterfaceOrientations_iPhone = "UIInterfaceOrientationPortrait UIInterfaceOrientationLandscapeLeft UIInterfaceOrientationLandscapeRight";
				LD_RUNPATH_SEARCH_PATHS = (
					"$(inherited)",
					"@executable_path/Frameworks",
				);
				MARKETING_VERSION = 1.0;
				PRODUCT_BUNDLE_IDENTIFIER = com.MySafariCOM;
				PRODUCT_NAME = "$(TARGET_NAME)";
				SWIFT_EMIT_LOC_STRINGS = YES;
				SWIFT_VERSION = 5.0;
				TARGETED_DEVICE_FAMILY = "1,2";
			};
			name = Debug;
		};
		D7E2EE7A2BF3A1E200F52350 /* Release */ = {
			isa = XCBuildConfiguration;
			buildSettings = {
				ASSETCATALOG_COMPILER_APPICON_NAME = AppIcon;
				ASSETCATALOG_COMPILER_GLOBAL_ACCENT_COLOR_NAME = AccentColor;
				CODE_SIGN_STYLE = Automatic;
				CURRENT_PROJECT_VERSION = 1;
				DEVELOPMENT_ASSET_PATHS = "\"MySaf/Preview Content\"";
				DEVELOPMENT_TEAM = 648U26QNYT;
				ENABLE_PREVIEWS = YES;
				GENERATE_INFOPLIST_FILE = YES;
				INFOPLIST_FILE = MySaf/Info.plist;
				INFOPLIST_KEY_NSFaceIDUsageDescription = "Allow face id to secure your funds";
				INFOPLIST_KEY_UIApplicationSceneManifest_Generation = YES;
				INFOPLIST_KEY_UIApplicationSupportsIndirectInputEvents = YES;
				INFOPLIST_KEY_UILaunchScreen_Generation = YES;
				INFOPLIST_KEY_UILaunchStoryboardName = "Launch Screen.storyboard";
				INFOPLIST_KEY_UISupportedInterfaceOrientations_iPad = "UIInterfaceOrientationPortrait UIInterfaceOrientationPortraitUpsideDown UIInterfaceOrientationLandscapeLeft UIInterfaceOrientationLandscapeRight";
				INFOPLIST_KEY_UISupportedInterfaceOrientations_iPhone = "UIInterfaceOrientationPortrait UIInterfaceOrientationLandscapeLeft UIInterfaceOrientationLandscapeRight";
				LD_RUNPATH_SEARCH_PATHS = (
					"$(inherited)",
					"@executable_path/Frameworks",
				);
				MARKETING_VERSION = 1.0;
				PRODUCT_BUNDLE_IDENTIFIER = com.MySafariCOM;
				PRODUCT_NAME = "$(TARGET_NAME)";
				SWIFT_EMIT_LOC_STRINGS = YES;
				SWIFT_VERSION = 5.0;
				TARGETED_DEVICE_FAMILY = "1,2";
			};
			name = Release;
		};
/* End XCBuildConfiguration section */

/* Begin XCConfigurationList section */
		D7E2EE652BF3A1E000F52350 /* Build configuration list for PBXProject "MySaf" */ = {
			isa = XCConfigurationList;
			buildConfigurations = (
				D7E2EE762BF3A1E200F52350 /* Debug */,
				D7E2EE772BF3A1E200F52350 /* Release */,
			);
			defaultConfigurationIsVisible = 0;
			defaultConfigurationName = Release;
		};
		D7E2EE782BF3A1E200F52350 /* Build configuration list for PBXNativeTarget "MySaf" */ = {
			isa = XCConfigurationList;
			buildConfigurations = (
				D7E2EE792BF3A1E200F52350 /* Debug */,
				D7E2EE7A2BF3A1E200F52350 /* Release */,
			);
			defaultConfigurationIsVisible = 0;
			defaultConfigurationName = Release;
		};
/* End XCConfigurationList section */

/* Begin XCRemoteSwiftPackageReference section */
		D7BC00C02BFE528C00E29AB8 /* XCRemoteSwiftPackageReference "generative-ai-swift" */ = {
			isa = XCRemoteSwiftPackageReference;
			repositoryURL = "https://github.com/google/generative-ai-swift";
			requirement = {
				kind = upToNextMajorVersion;
				minimumVersion = 0.5.3;
			};
		};
		D7BC00C32BFE52A900E29AB8 /* XCRemoteSwiftPackageReference "Alamofire" */ = {
			isa = XCRemoteSwiftPackageReference;
			repositoryURL = "https://github.com/Alamofire/Alamofire.git";
			requirement = {
				kind = upToNextMajorVersion;
				minimumVersion = 5.9.1;
			};
		};
/* End XCRemoteSwiftPackageReference section */

/* Begin XCSwiftPackageProductDependency section */
		D7BC00C12BFE528C00E29AB8 /* GoogleGenerativeAI */ = {
			isa = XCSwiftPackageProductDependency;
			package = D7BC00C02BFE528C00E29AB8 /* XCRemoteSwiftPackageReference "generative-ai-swift" */;
			productName = GoogleGenerativeAI;
		};
		D7BC00C42BFE52A900E29AB8 /* Alamofire */ = {
			isa = XCSwiftPackageProductDependency;
			package = D7BC00C32BFE52A900E29AB8 /* XCRemoteSwiftPackageReference "Alamofire" */;
			productName = Alamofire;
		};
/* End XCSwiftPackageProductDependency section */
	};
	rootObject = D7E2EE622BF3A1E000F52350 /* Project object */;
}
